
Microsoft Visual Studio Solution File, Format Version 12.00
# Visual Studio Version 17
VisualStudioVersion = 17.8.34408.163
MinimumVisualStudioVersion = 10.0.40219.1
Project("{FAE04EC0-301F-11D3-BF4B-00C04F79EFBC}") = "MidiClock", "MidiClock.csproj", "{4AD04BD2-B115-4465-8BD5-2F78A2ABCC83}"
EndProject
Global
	GlobalSection(SolutionConfigurationPlatforms) = preSolution
		Debug|Any CPU = Debug|Any CPU
		Release|Any CPU = Release|Any CPU
	EndGlobalSection
	GlobalSection(ProjectConfigurationPlatforms) = postSolution
		{4AD04BD2-B115-4465-8BD5-2F78A2ABCC83}.Debug|Any CPU.ActiveCfg = Debug|Any CPU
		{4AD04BD2-B115-4465-8BD5-2F78A2ABCC83}.Debug|Any CPU.Build.0 = Debug|Any CPU
		{4AD04BD2-B115-4465-8BD5-2F78A2ABCC83}.Release|Any CPU.ActiveCfg = Release|Any CPU
		{4AD04BD2-B115-4465-8BD5-2F78A2ABCC83}.Release|Any CPU.Build.0 = Release|Any CPU
	EndGlobalSection
	GlobalSection(SolutionProperties) = preSolution
		HideSolutionNode = FALSE
	EndGlobalSection
	GlobalSection(ExtensibilityGlobals) = postSolution
		SolutionGuid = {0C2F6F60-67E4-4AAD-BDC0-FE8A3E28A5CE}
	EndGlobalSection
EndGlobal
